
Microsoft Visual Studio Solution File, Format Version 12.00
# Visual Studio Version 17
VisualStudioVersion = 17.5.33414.496
MinimumVisualStudioVersion = 10.0.40219.1
Project("{FAE04EC0-301F-11D3-BF4B-00C04F79EFBC}") = "SyumasTool", "SyumasTool\SyumasTool.csproj", "{DECCF243-3710-4FF9-A0EA-B7A9BE2C3ACB}"
EndProject
Global
	GlobalSection(SolutionConfigurationPlatforms) = preSolution
		Debug|Any CPU = Debug|Any CPU
		Release|Any CPU = Release|Any CPU
	EndGlobalSection
	GlobalSection(ProjectConfigurationPlatforms) = postSolution
		{DECCF243-3710-4FF9-A0EA-B7A9BE2C3ACB}.Debug|Any CPU.ActiveCfg = Debug|Any CPU
		{DECCF243-3710-4FF9-A0EA-B7A9BE2C3ACB}.Debug|Any CPU.Build.0 = Debug|Any CPU
		{DECCF243-3710-4FF9-A0EA-B7A9BE2C3ACB}.Release|Any CPU.ActiveCfg = Release|Any CPU
		{DECCF243-3710-4FF9-A0EA-B7A9BE2C3ACB}.Release|Any CPU.Build.0 = Release|Any CPU
	EndGlobalSection
	GlobalSection(SolutionProperties) = preSolution
		HideSolutionNode = FALSE
	EndGlobalSection
	GlobalSection(ExtensibilityGlobals) = postSolution
		SolutionGuid = {07AFEAED-4043-4319-AD1D-9D06356459C0}
	EndGlobalSection
EndGlobal
